
Microsoft Visual Studio Solution File, Format Version 12.00
# Visual Studio Version 17
VisualStudioVersion = 17.12.35514.174
MinimumVisualStudioVersion = 10.0.40219.1
Project("{FAE04EC0-301F-11D3-BF4B-00C04F79EFBC}") = "Ejercicio1", "Ejercicio1\Ejercicio1.csproj", "{186DBACA-98BF-4751-85DB-27974058A838}"
EndProject
Global
	GlobalSection(SolutionConfigurationPlatforms) = preSolution
		Debug|Any CPU = Debug|Any CPU
		Release|Any CPU = Release|Any CPU
	EndGlobalSection
	GlobalSection(ProjectConfigurationPlatforms) = postSolution
		{186DBACA-98BF-4751-85DB-27974058A838}.Debug|Any CPU.ActiveCfg = Debug|Any CPU
		{186DBACA-98BF-4751-85DB-27974058A838}.Debug|Any CPU.Build.0 = Debug|Any CPU
		{186DBACA-98BF-4751-85DB-27974058A838}.Release|Any CPU.ActiveCfg = Release|Any CPU
		{186DBACA-98BF-4751-85DB-27974058A838}.Release|Any CPU.Build.0 = Release|Any CPU
	EndGlobalSection
	GlobalSection(SolutionProperties) = preSolution
		HideSolutionNode = FALSE
	EndGlobalSection
	GlobalSection(ExtensibilityGlobals) = postSolution
		SolutionGuid = {B14D1912-C110-4F83-9F31-7587431B30A0}
	EndGlobalSection
EndGlobal
